
Microsoft Visual Studio Solution File, Format Version 12.00
# Visual Studio Version 16
VisualStudioVersion = 16.0.29306.81
MinimumVisualStudioVersion = 10.0.40219.1
Project("{FAE04EC0-301F-11D3-BF4B-00C04F79EFBC}") = "markoGalavicPonavljavnje", "markoGalavicPonavljavnje\markoGalavicPonavljavnje.csproj", "{9701170D-8B54-48A4-BE6A-9080333F758B}"
EndProject
Global
	GlobalSection(SolutionConfigurationPlatforms) = preSolution
		Debug|Any CPU = Debug|Any CPU
		Release|Any CPU = Release|Any CPU
	EndGlobalSection
	GlobalSection(ProjectConfigurationPlatforms) = postSolution
		{9701170D-8B54-48A4-BE6A-9080333F758B}.Debug|Any CPU.ActiveCfg = Debug|Any CPU
		{9701170D-8B54-48A4-BE6A-9080333F758B}.Debug|Any CPU.Build.0 = Debug|Any CPU
		{9701170D-8B54-48A4-BE6A-9080333F758B}.Release|Any CPU.ActiveCfg = Release|Any CPU
		{9701170D-8B54-48A4-BE6A-9080333F758B}.Release|Any CPU.Build.0 = Release|Any CPU
	EndGlobalSection
	GlobalSection(SolutionProperties) = preSolution
		HideSolutionNode = FALSE
	EndGlobalSection
	GlobalSection(ExtensibilityGlobals) = postSolution
		SolutionGuid = {A4EC05A5-6F7B-42D7-83F9-83E3A5914445}
	EndGlobalSection
EndGlobal
